// !$*UTF8*$!
{
	archiveVersion = 1;
	classes = {
	};
	objectVersion = 50;
	objects = {

/* Begin PBXBuildFile section */
		2040206A20FD916E008783DF /* FontExtensions.swift in Sources */ = {isa = PBXBuildFile; fileRef = 2040206920FD916E008783DF /* FontExtensions.swift */; };
		2040206C20FD9A5D008783DF /* ColorFavsController.swift in Sources */ = {isa = PBXBuildFile; fileRef = 2040206B20FD9A5D008783DF /* ColorFavsController.swift */; };
		2040206E20FD9EBD008783DF /* ColorFavCell.xib in Resources */ = {isa = PBXBuildFile; fileRef = 2040206D20FD9EBD008783DF /* ColorFavCell.xib */; };
		2040207020FD9F01008783DF /* ColorFavCell.swift in Sources */ = {isa = PBXBuildFile; fileRef = 2040206F20FD9F01008783DF /* ColorFavCell.swift */; };
		2040207320FDAD93008783DF /* FavColor.swift in Sources */ = {isa = PBXBuildFile; fileRef = 2040207220FDAD93008783DF /* FavColor.swift */; };
		208BC41720FEDA2C00C73D00 /* ColorRetrievable.swift in Sources */ = {isa = PBXBuildFile; fileRef = 208BC41620FEDA2C00C73D00 /* ColorRetrievable.swift */; };
		208BC41920FEE6EC00C73D00 /* ColorEditController.swift in Sources */ = {isa = PBXBuildFile; fileRef = 208BC41820FEE6EC00C73D00 /* ColorEditController.swift */; };
		20B4FDF520FD867500496D48 /* AppDelegate.swift in Sources */ = {isa = PBXBuildFile; fileRef = 20B4FDF420FD867500496D48 /* AppDelegate.swift */; };
		20B4FDFA20FD867500496D48 /* Main.storyboard in Resources */ = {isa = PBXBuildFile; fileRef = 20B4FDF820FD867500496D48 /* Main.storyboard */; };
		20B4FDFC20FD867600496D48 /* Assets.xcassets in Resources */ = {isa = PBXBuildFile; fileRef = 20B4FDFB20FD867600496D48 /* Assets.xcassets */; };
		20B4FDFF20FD867600496D48 /* LaunchScreen.storyboard in Resources */ = {isa = PBXBuildFile; fileRef = 20B4FDFD20FD867600496D48 /* LaunchScreen.storyboard */; };
		20B4FE0720FD870800496D48 /* ColorSaveController.swift in Sources */ = {isa = PBXBuildFile; fileRef = 20B4FE0620FD870800496D48 /* ColorSaveController.swift */; };
		20B4FE0920FD876300496D48 /* ColorView.swift in Sources */ = {isa = PBXBuildFile; fileRef = 20B4FE0820FD876300496D48 /* ColorView.swift */; };
		20B4FE0C20FD87D500496D48 /* ColorHelper.swift in Sources */ = {isa = PBXBuildFile; fileRef = 20B4FE0B20FD87D500496D48 /* ColorHelper.swift */; };
		20B4FE0E20FD8A6800496D48 /* Default-568h@2x.png in Resources */ = {isa = PBXBuildFile; fileRef = 20B4FE0D20FD8A6800496D48 /* Default-568h@2x.png */; };
		392B9CD4BF9007B11FC5DEA3 /* Pods_ColorFav.framework in Frameworks */ = {isa = PBXBuildFile; fileRef = B24057D656D6772AE1FC6195 /* Pods_ColorFav.framework */; };
/* End PBXBuildFile section */

/* Begin PBXFileReference section */
		2040206920FD916E008783DF /* FontExtensions.swift */ = {isa = PBXFileReference; lastKnownFileType = sourcecode.swift; path = FontExtensions.swift; sourceTree = "<group>"; };
		2040206B20FD9A5D008783DF /* ColorFavsController.swift */ = {isa = PBXFileReference; lastKnownFileType = sourcecode.swift; path = ColorFavsController.swift; sourceTree = "<group>"; };
		2040206D20FD9EBD008783DF /* ColorFavCell.xib */ = {isa = PBXFileReference; lastKnownFileType = file.xib; path = ColorFavCell.xib; sourceTree = "<group>"; };
		2040206F20FD9F01008783DF /* ColorFavCell.swift */ = {isa = PBXFileReference; lastKnownFileType = sourcecode.swift; path = ColorFavCell.swift; sourceTree = "<group>"; };
		2040207220FDAD93008783DF /* FavColor.swift */ = {isa = PBXFileReference; lastKnownFileType = sourcecode.swift; path = FavColor.swift; sourceTree = "<group>"; };
		208BC41620FEDA2C00C73D00 /* ColorRetrievable.swift */ = {isa = PBXFileReference; lastKnownFileType = sourcecode.swift; path = ColorRetrievable.swift; sourceTree = "<group>"; };
		208BC41820FEE6EC00C73D00 /* ColorEditController.swift */ = {isa = PBXFileReference; lastKnownFileType = sourcecode.swift; path = ColorEditController.swift; sourceTree = "<group>"; };
		20B4FDF120FD867500496D48 /* ColorFav.app */ = {isa = PBXFileReference; explicitFileType = wrapper.application; includeInIndex = 0; path = ColorFav.app; sourceTree = BUILT_PRODUCTS_DIR; };
		20B4FDF420FD867500496D48 /* AppDelegate.swift */ = {isa = PBXFileReference; lastKnownFileType = sourcecode.swift; path = AppDelegate.swift; sourceTree = "<group>"; };
		20B4FDF920FD867500496D48 /* Base */ = {isa = PBXFileReference; lastKnownFileType = file.storyboard; name = Base; path = Base.lproj/Main.storyboard; sourceTree = "<group>"; };
		20B4FDFB20FD867600496D48 /* Assets.xcassets */ = {isa = PBXFileReference; lastKnownFileType = folder.assetcatalog; path = Assets.xcassets; sourceTree = "<group>"; };
		20B4FDFE20FD867600496D48 /* Base */ = {isa = PBXFileReference; lastKnownFileType = file.storyboard; name = Base; path = Base.lproj/LaunchScreen.storyboard; sourceTree = "<group>"; };
		20B4FE0020FD867600496D48 /* Info.plist */ = {isa = PBXFileReference; lastKnownFileType = text.plist.xml; path = Info.plist; sourceTree = "<group>"; };
		20B4FE0620FD870800496D48 /* ColorSaveController.swift */ = {isa = PBXFileReference; lastKnownFileType = sourcecode.swift; path = ColorSaveController.swift; sourceTree = "<group>"; };
		20B4FE0820FD876300496D48 /* ColorView.swift */ = {isa = PBXFileReference; lastKnownFileType = sourcecode.swift; path = ColorView.swift; sourceTree = "<group>"; };
		20B4FE0B20FD87D500496D48 /* ColorHelper.swift */ = {isa = PBXFileReference; lastKnownFileType = sourcecode.swift; path = ColorHelper.swift; sourceTree = "<group>"; };
		20B4FE0D20FD8A6800496D48 /* Default-568h@2x.png */ = {isa = PBXFileReference; lastKnownFileType = image.png; path = "Default-568h@2x.png"; sourceTree = "<group>"; };
		2C03C34B87862CD27A098932 /* Pods-ColorFav.release.xcconfig */ = {isa = PBXFileReference; includeInIndex = 1; lastKnownFileType = text.xcconfig; name = "Pods-ColorFav.release.xcconfig"; path = "Pods/Target Support Files/Pods-ColorFav/Pods-ColorFav.release.xcconfig"; sourceTree = "<group>"; };
		5BF78C0D2B04EC4DCB666D30 /* Pods-ColorFav.debug.xcconfig */ = {isa = PBXFileReference; includeInIndex = 1; lastKnownFileType = text.xcconfig; name = "Pods-ColorFav.debug.xcconfig"; path = "Pods/Target Support Files/Pods-ColorFav/Pods-ColorFav.debug.xcconfig"; sourceTree = "<group>"; };
		B24057D656D6772AE1FC6195 /* Pods_ColorFav.framework */ = {isa = PBXFileReference; explicitFileType = wrapper.framework; includeInIndex = 0; path = Pods_ColorFav.framework; sourceTree = BUILT_PRODUCTS_DIR; };
/* End PBXFileReference section */

/* Begin PBXFrameworksBuildPhase section */
		20B4FDEE20FD867500496D48 /* Frameworks */ = {
			isa = PBXFrameworksBuildPhase;
			buildActionMask = 2147483647;
			files = (
				392B9CD4BF9007B11FC5DEA3 /* Pods_ColorFav.framework in Frameworks */,
			);
			runOnlyForDeploymentPostprocessing = 0;
		};
/* End PBXFrameworksBuildPhase section */

/* Begin PBXGroup section */
		2040207120FD9F5E008783DF /* ColorFavCell */ = {
			isa = PBXGroup;
			children = (
				2040206F20FD9F01008783DF /* ColorFavCell.swift */,
				2040206D20FD9EBD008783DF /* ColorFavCell.xib */,
			);
			path = ColorFavCell;
			sourceTree = "<group>";
		};
		2045575720FFE81500F38AC9 /* Controllers */ = {
			isa = PBXGroup;
			children = (
				2040206B20FD9A5D008783DF /* ColorFavsController.swift */,
				20B4FE0620FD870800496D48 /* ColorSaveController.swift */,
				208BC41820FEE6EC00C73D00 /* ColorEditController.swift */,
			);
			path = Controllers;
			sourceTree = "<group>";
		};
		2045575820FFE84100F38AC9 /* Models */ = {
			isa = PBXGroup;
			children = (
				2040207220FDAD93008783DF /* FavColor.swift */,
			);
			path = Models;
			sourceTree = "<group>";
		};
		2045575920FFE88500F38AC9 /* Views */ = {
			isa = PBXGroup;
			children = (
				2040207120FD9F5E008783DF /* ColorFavCell */,
				20B4FE0820FD876300496D48 /* ColorView.swift */,
			);
			path = Views;
			sourceTree = "<group>";
		};
		20B4FDE820FD867500496D48 = {
			isa = PBXGroup;
			children = (
				20B4FE0D20FD8A6800496D48 /* Default-568h@2x.png */,
				20B4FDF320FD867500496D48 /* ColorFav */,
				20B4FDF220FD867500496D48 /* Products */,
				F6C33B166883AF38498937AE /* Pods */,
				4F9DA7DDB143443115A169EC /* Frameworks */,
			);
			sourceTree = "<group>";
		};
		20B4FDF220FD867500496D48 /* Products */ = {
			isa = PBXGroup;
			children = (
				20B4FDF120FD867500496D48 /* ColorFav.app */,
			);
			name = Products;
			sourceTree = "<group>";
		};
		20B4FDF320FD867500496D48 /* ColorFav */ = {
			isa = PBXGroup;
			children = (
				2045575820FFE84100F38AC9 /* Models */,
				2045575920FFE88500F38AC9 /* Views */,
				2045575720FFE81500F38AC9 /* Controllers */,
				20B4FE0A20FD878A00496D48 /* Supporting */,
			);
			path = ColorFav;
			sourceTree = "<group>";
		};
		20B4FE0A20FD878A00496D48 /* Supporting */ = {
			isa = PBXGroup;
			children = (
				208BC41620FEDA2C00C73D00 /* ColorRetrievable.swift */,
				20B4FE0B20FD87D500496D48 /* ColorHelper.swift */,
				2040206920FD916E008783DF /* FontExtensions.swift */,
				20B4FE0020FD867600496D48 /* Info.plist */,
				20B4FDF420FD867500496D48 /* AppDelegate.swift */,
				20B4FDF820FD867500496D48 /* Main.storyboard */,
				20B4FDFB20FD867600496D48 /* Assets.xcassets */,
				20B4FDFD20FD867600496D48 /* LaunchScreen.storyboard */,
			);
			path = Supporting;
			sourceTree = "<group>";
		};
		4F9DA7DDB143443115A169EC /* Frameworks */ = {
			isa = PBXGroup;
			children = (
				B24057D656D6772AE1FC6195 /* Pods_ColorFav.framework */,
			);
			name = Frameworks;
			sourceTree = "<group>";
		};
		F6C33B166883AF38498937AE /* Pods */ = {
			isa = PBXGroup;
			children = (
				5BF78C0D2B04EC4DCB666D30 /* Pods-ColorFav.debug.xcconfig */,
				2C03C34B87862CD27A098932 /* Pods-ColorFav.release.xcconfig */,
			);
			name = Pods;
			sourceTree = "<group>";
		};
/* End PBXGroup section */

/* Begin PBXNativeTarget section */
		20B4FDF020FD867500496D48 /* ColorFav */ = {
			isa = PBXNativeTarget;
			buildConfigurationList = 20B4FE0320FD867600496D48 /* Build configuration list for PBXNativeTarget "ColorFav" */;
			buildPhases = (
				200E2024F9B327C4B02321CC /* [CP] Check Pods Manifest.lock */,
				20B4FDED20FD867500496D48 /* Sources */,
				20B4FDEE20FD867500496D48 /* Frameworks */,
				20B4FDEF20FD867500496D48 /* Resources */,
				6673BA4A31916D9BD23BE7B8 /* [CP] Embed Pods Frameworks */,
			);
			buildRules = (
			);
			dependencies = (
			);
			name = ColorFav;
			productName = ColorFav;
			productReference = 20B4FDF120FD867500496D48 /* ColorFav.app */;
			productType = "com.apple.product-type.application";
		};
/* End PBXNativeTarget section */

/* Begin PBXProject section */
		20B4FDE920FD867500496D48 /* Project object */ = {
			isa = PBXProject;
			attributes = {
				LastSwiftUpdateCheck = 0940;
				LastUpgradeCheck = 0940;
				ORGANIZATIONNAME = "Stephen Martinez";
				TargetAttributes = {
					20B4FDF020FD867500496D48 = {
						CreatedOnToolsVersion = 9.4.1;
					};
				};
			};
			buildConfigurationList = 20B4FDEC20FD867500496D48 /* Build configuration list for PBXProject "ColorFav" */;
			compatibilityVersion = "Xcode 9.3";
			developmentRegion = en;
			hasScannedForEncodings = 0;
			knownRegions = (
				en,
				Base,
			);
			mainGroup = 20B4FDE820FD867500496D48;
			productRefGroup = 20B4FDF220FD867500496D48 /* Products */;
			projectDirPath = "";
			projectRoot = "";
			targets = (
				20B4FDF020FD867500496D48 /* ColorFav */,
			);
		};
/* End PBXProject section */

/* Begin PBXResourcesBuildPhase section */
		20B4FDEF20FD867500496D48 /* Resources */ = {
			isa = PBXResourcesBuildPhase;
			buildActionMask = 2147483647;
			files = (
				20B4FDFF20FD867600496D48 /* LaunchScreen.storyboard in Resources */,
				20B4FE0E20FD8A6800496D48 /* Default-568h@2x.png in Resources */,
				20B4FDFC20FD867600496D48 /* Assets.xcassets in Resources */,
				20B4FDFA20FD867500496D48 /* Main.storyboard in Resources */,
				2040206E20FD9EBD008783DF /* ColorFavCell.xib in Resources */,
			);
			runOnlyForDeploymentPostprocessing = 0;
		};
/* End PBXResourcesBuildPhase section */

/* Begin PBXShellScriptBuildPhase section */
		200E2024F9B327C4B02321CC /* [CP] Check Pods Manifest.lock */ = {
			isa = PBXShellScriptBuildPhase;
			buildActionMask = 2147483647;
			files = (
			);
			inputPaths = (
				"${PODS_PODFILE_DIR_PATH}/Podfile.lock",
				"${PODS_ROOT}/Manifest.lock",
			);
			name = "[CP] Check Pods Manifest.lock";
			outputPaths = (
				"$(DERIVED_FILE_DIR)/Pods-ColorFav-checkManifestLockResult.txt",
			);
			runOnlyForDeploymentPostprocessing = 0;
			shellPath = /bin/sh;
			shellScript = "diff \"${PODS_PODFILE_DIR_PATH}/Podfile.lock\" \"${PODS_ROOT}/Manifest.lock\" > /dev/null\nif [ $? != 0 ] ; then\n    # print error to STDERR\n    echo \"error: The sandbox is not in sync with the Podfile.lock. Run 'pod install' or update your CocoaPods installation.\" >&2\n    exit 1\nfi\n# This output is used by Xcode 'outputs' to avoid re-running this script phase.\necho \"SUCCESS\" > \"${SCRIPT_OUTPUT_FILE_0}\"\n";
			showEnvVarsInLog = 0;
		};
		6673BA4A31916D9BD23BE7B8 /* [CP] Embed Pods Frameworks */ = {
			isa = PBXShellScriptBuildPhase;
			buildActionMask = 2147483647;
			files = (
			);
			inputPaths = (
				"${SRCROOT}/Pods/Target Support Files/Pods-ColorFav/Pods-ColorFav-frameworks.sh",
				"${BUILT_PRODUCTS_DIR}/Realm/Realm.framework",
				"${BUILT_PRODUCTS_DIR}/RealmSwift/RealmSwift.framework",
			);
			name = "[CP] Embed Pods Frameworks";
			outputPaths = (
				"${TARGET_BUILD_DIR}/${FRAMEWORKS_FOLDER_PATH}/Realm.framework",
				"${TARGET_BUILD_DIR}/${FRAMEWORKS_FOLDER_PATH}/RealmSwift.framework",
			);
			runOnlyForDeploymentPostprocessing = 0;
			shellPath = /bin/sh;
			shellScript = "\"${SRCROOT}/Pods/Target Support Files/Pods-ColorFav/Pods-ColorFav-frameworks.sh\"\n";
			showEnvVarsInLog = 0;
		};
/* End PBXShellScriptBuildPhase section */

/* Begin PBXSourcesBuildPhase section */
		20B4FDED20FD867500496D48 /* Sources */ = {
			isa = PBXSourcesBuildPhase;
			buildActionMask = 2147483647;
			files = (
				20B4FE0920FD876300496D48 /* ColorView.swift in Sources */,
				208BC41720FEDA2C00C73D00 /* ColorRetrievable.swift in Sources */,
				20B4FE0720FD870800496D48 /* ColorSaveController.swift in Sources */,
				208BC41920FEE6EC00C73D00 /* ColorEditController.swift in Sources */,
				2040206A20FD916E008783DF /* FontExtensions.swift in Sources */,
				2040207020FD9F01008783DF /* ColorFavCell.swift in Sources */,
				2040206C20FD9A5D008783DF /* ColorFavsController.swift in Sources */,
				2040207320FDAD93008783DF /* FavColor.swift in Sources */,
				20B4FDF520FD867500496D48 /* AppDelegate.swift in Sources */,
				20B4FE0C20FD87D500496D48 /* ColorHelper.swift in Sources */,
			);
			runOnlyForDeploymentPostprocessing = 0;
		};
/* End PBXSourcesBuildPhase section */

/* Begin PBXVariantGroup section */
		20B4FDF820FD867500496D48 /* Main.storyboard */ = {
			isa = PBXVariantGroup;
			children = (
				20B4FDF920FD867500496D48 /* Base */,
			);
			name = Main.storyboard;
			sourceTree = "<group>";
		};
		20B4FDFD20FD867600496D48 /* LaunchScreen.storyboard */ = {
			isa = PBXVariantGroup;
			children = (
				20B4FDFE20FD867600496D48 /* Base */,
			);
			name = LaunchScreen.storyboard;
			sourceTree = "<group>";
		};
/* End PBXVariantGroup section */

/* Begin XCBuildConfiguration section */
		20B4FE0120FD867600496D48 /* Debug */ = {
			isa = XCBuildConfiguration;
			buildSettings = {
				ALWAYS_SEARCH_USER_PATHS = NO;
				CLANG_ANALYZER_NONNULL = YES;
				CLANG_ANALYZER_NUMBER_OBJECT_CONVERSION = YES_AGGRESSIVE;
				CLANG_CXX_LANGUAGE_STANDARD = "gnu++14";
				CLANG_CXX_LIBRARY = "libc++";
				CLANG_ENABLE_MODULES = YES;
				CLANG_ENABLE_OBJC_ARC = YES;
				CLANG_ENABLE_OBJC_WEAK = YES;
				CLANG_WARN_BLOCK_CAPTURE_AUTORELEASING = YES;
				CLANG_WARN_BOOL_CONVERSION = YES;
				CLANG_WARN_COMMA = YES;
				CLANG_WARN_CONSTANT_CONVERSION = YES;
				CLANG_WARN_DEPRECATED_OBJC_IMPLEMENTATIONS = YES;
				CLANG_WARN_DIRECT_OBJC_ISA_USAGE = YES_ERROR;
				CLANG_WARN_DOCUMENTATION_COMMENTS = YES;
				CLANG_WARN_EMPTY_BODY = YES;
				CLANG_WARN_ENUM_CONVERSION = YES;
				CLANG_WARN_INFINITE_RECURSION = YES;
				CLANG_WARN_INT_CONVERSION = YES;
				CLANG_WARN_NON_LITERAL_NULL_CONVERSION = YES;
				CLANG_WARN_OBJC_IMPLICIT_RETAIN_SELF = YES;
				CLANG_WARN_OBJC_LITERAL_CONVERSION = YES;
				CLANG_WARN_OBJC_ROOT_CLASS = YES_ERROR;
				CLANG_WARN_RANGE_LOOP_ANALYSIS = YES;
				CLANG_WARN_STRICT_PROTOTYPES = YES;
				CLANG_WARN_SUSPICIOUS_MOVE = YES;
				CLANG_WARN_UNGUARDED_AVAILABILITY = YES_AGGRESSIVE;
				CLANG_WARN_UNREACHABLE_CODE = YES;
				CLANG_WARN__DUPLICATE_METHOD_MATCH = YES;
				CODE_SIGN_IDENTITY = "iPhone Developer";
				COPY_PHASE_STRIP = NO;
				DEBUG_INFORMATION_FORMAT = dwarf;
				ENABLE_STRICT_OBJC_MSGSEND = YES;
				ENABLE_TESTABILITY = YES;
				GCC_C_LANGUAGE_STANDARD = gnu11;
				GCC_DYNAMIC_NO_PIC = NO;
				GCC_NO_COMMON_BLOCKS = YES;
				GCC_OPTIMIZATION_LEVEL = 0;
				GCC_PREPROCESSOR_DEFINITIONS = (
					"DEBUG=1",
					"$(inherited)",
				);
				GCC_WARN_64_TO_32_BIT_CONVERSION = YES;
				GCC_WARN_ABOUT_RETURN_TYPE = YES_ERROR;
				GCC_WARN_UNDECLARED_SELECTOR = YES;
				GCC_WARN_UNINITIALIZED_AUTOS = YES_AGGRESSIVE;
				GCC_WARN_UNUSED_FUNCTION = YES;
				GCC_WARN_UNUSED_VARIABLE = YES;
				IPHONEOS_DEPLOYMENT_TARGET = 11.4;
				MTL_ENABLE_DEBUG_INFO = YES;
				ONLY_ACTIVE_ARCH = YES;
				SDKROOT = iphoneos;
				SWIFT_ACTIVE_COMPILATION_CONDITIONS = DEBUG;
				SWIFT_OPTIMIZATION_LEVEL = "-Onone";
			};
			name = Debug;
		};
		20B4FE0220FD867600496D48 /* Release */ = {
			isa = XCBuildConfiguration;
			buildSettings = {
				ALWAYS_SEARCH_USER_PATHS = NO;
				CLANG_ANALYZER_NONNULL = YES;
				CLANG_ANALYZER_NUMBER_OBJECT_CONVERSION = YES_AGGRESSIVE;
				CLANG_CXX_LANGUAGE_STANDARD = "gnu++14";
				CLANG_CXX_LIBRARY = "libc++";
				CLANG_ENABLE_MODULES = YES;
				CLANG_ENABLE_OBJC_ARC = YES;
				CLANG_ENABLE_OBJC_WEAK = YES;
				CLANG_WARN_BLOCK_CAPTURE_AUTORELEASING = YES;
				CLANG_WARN_BOOL_CONVERSION = YES;
				CLANG_WARN_COMMA = YES;
				CLANG_WARN_CONSTANT_CONVERSION = YES;
				CLANG_WARN_DEPRECATED_OBJC_IMPLEMENTATIONS = YES;
				CLANG_WARN_DIRECT_OBJC_ISA_USAGE = YES_ERROR;
				CLANG_WARN_DOCUMENTATION_COMMENTS = YES;
				CLANG_WARN_EMPTY_BODY = YES;
				CLANG_WARN_ENUM_CONVERSION = YES;
				CLANG_WARN_INFINITE_RECURSION = YES;
				CLANG_WARN_INT_CONVERSION = YES;
				CLANG_WARN_NON_LITERAL_NULL_CONVERSION = YES;
				CLANG_WARN_OBJC_IMPLICIT_RETAIN_SELF = YES;
				CLANG_WARN_OBJC_LITERAL_CONVERSION = YES;
				CLANG_WARN_OBJC_ROOT_CLASS = YES_ERROR;
				CLANG_WARN_RANGE_LOOP_ANALYSIS = YES;
				CLANG_WARN_STRICT_PROTOTYPES = YES;
				CLANG_WARN_SUSPICIOUS_MOVE = YES;
				CLANG_WARN_UNGUARDED_AVAILABILITY = YES_AGGRESSIVE;
				CLANG_WARN_UNREACHABLE_CODE = YES;
				CLANG_WARN__DUPLICATE_METHOD_MATCH = YES;
				CODE_SIGN_IDENTITY = "iPhone Developer";
				COPY_PHASE_STRIP = NO;
				DEBUG_INFORMATION_FORMAT = "dwarf-with-dsym";
				ENABLE_NS_ASSERTIONS = NO;
				ENABLE_STRICT_OBJC_MSGSEND = YES;
				GCC_C_LANGUAGE_STANDARD = gnu11;
				GCC_NO_COMMON_BLOCKS = YES;
				GCC_WARN_64_TO_32_BIT_CONVERSION = YES;
				GCC_WARN_ABOUT_RETURN_TYPE = YES_ERROR;
				GCC_WARN_UNDECLARED_SELECTOR = YES;
				GCC_WARN_UNINITIALIZED_AUTOS = YES_AGGRESSIVE;
				GCC_WARN_UNUSED_FUNCTION = YES;
				GCC_WARN_UNUSED_VARIABLE = YES;
				IPHONEOS_DEPLOYMENT_TARGET = 11.4;
				MTL_ENABLE_DEBUG_INFO = NO;
				SDKROOT = iphoneos;
				SWIFT_COMPILATION_MODE = wholemodule;
				SWIFT_OPTIMIZATION_LEVEL = "-O";
				VALIDATE_PRODUCT = YES;
			};
			name = Release;
		};
		20B4FE0420FD867600496D48 /* Debug */ = {
			isa = XCBuildConfiguration;
			baseConfigurationReference = 5BF78C0D2B04EC4DCB666D30 /* Pods-ColorFav.debug.xcconfig */;
			buildSettings = {
				ASSETCATALOG_COMPILER_APPICON_NAME = AppIcon;
				CODE_SIGN_STYLE = Automatic;
				DEVELOPMENT_TEAM = P6Y8F6EN66;
				INFOPLIST_FILE = ColorFav/Supporting/Info.plist;
				LD_RUNPATH_SEARCH_PATHS = (
					"$(inherited)",
					"@executable_path/Frameworks",
				);
				PRODUCT_BUNDLE_IDENTIFIER = com.enuance.ColorFav;
				PRODUCT_NAME = "$(TARGET_NAME)";
				SWIFT_VERSION = 4.0;
				TARGETED_DEVICE_FAMILY = "1,2";
			};
			name = Debug;
		};
		20B4FE0520FD867600496D48 /* Release */ = {
			isa = XCBuildConfiguration;
			baseConfigurationReference = 2C03C34B87862CD27A098932 /* Pods-ColorFav.release.xcconfig */;
			buildSettings = {
				ASSETCATALOG_COMPILER_APPICON_NAME = AppIcon;
				CODE_SIGN_STYLE = Automatic;
				DEVELOPMENT_TEAM = P6Y8F6EN66;
				INFOPLIST_FILE = ColorFav/Supporting/Info.plist;
				LD_RUNPATH_SEARCH_PATHS = (
					"$(inherited)",
					"@executable_path/Frameworks",
				);
				PRODUCT_BUNDLE_IDENTIFIER = com.enuance.ColorFav;
				PRODUCT_NAME = "$(TARGET_NAME)";
				SWIFT_VERSION = 4.0;
				TARGETED_DEVICE_FAMILY = "1,2";
			};
			name = Release;
		};
/* End XCBuildConfiguration section */

/* Begin XCConfigurationList section */
		20B4FDEC20FD867500496D48 /* Build configuration list for PBXProject "ColorFav" */ = {
			isa = XCConfigurationList;
			buildConfigurations = (
				20B4FE0120FD867600496D48 /* Debug */,
				20B4FE0220FD867600496D48 /* Release */,
			);
			defaultConfigurationIsVisible = 0;
			defaultConfigurationName = Release;
		};
		20B4FE0320FD867600496D48 /* Build configuration list for PBXNativeTarget "ColorFav" */ = {
			isa = XCConfigurationList;
			buildConfigurations = (
				20B4FE0420FD867600496D48 /* Debug */,
				20B4FE0520FD867600496D48 /* Release */,
			);
			defaultConfigurationIsVisible = 0;
			defaultConfigurationName = Release;
		};
/* End XCConfigurationList section */
	};
	rootObject = 20B4FDE920FD867500496D48 /* Project object */;
}
